
Microsoft Visual Studio Solution File, Format Version 12.00
# Visual Studio Version 16
VisualStudioVersion = 16.0.32428.217
MinimumVisualStudioVersion = 10.0.40219.1
Project("{FAE04EC0-301F-11D3-BF4B-00C04F79EFBC}") = "Lab6", "Lab6\Lab6.csproj", "{0453539B-7EF6-4F17-80DD-33D65C455334}"
EndProject
Project("{FAE04EC0-301F-11D3-BF4B-00C04F79EFBC}") = "PhoneDictionaryJson", "PhoneDictionaryJson\PhoneDictionaryJson.csproj", "{B939E0C9-6F69-4349-A089-83D3B0BA38B3}"
EndProject
Project("{FAE04EC0-301F-11D3-BF4B-00C04F79EFBC}") = "IPhoneDictionary", "IPhoneDictionary\IPhoneDictionary.csproj", "{48110039-084C-40C6-A655-102A71F09696}"
EndProject
Project("{FAE04EC0-301F-11D3-BF4B-00C04F79EFBC}") = "PhoneDictionaryDB", "PhoneDictionaryDB\PhoneDictionaryDB.csproj", "{A594F569-35AB-419B-9081-22DCAAB79DB3}"
EndProject
Global
	GlobalSection(SolutionConfigurationPlatforms) = preSolution
		Debug|Any CPU = Debug|Any CPU
		Release|Any CPU = Release|Any CPU
	EndGlobalSection
	GlobalSection(ProjectConfigurationPlatforms) = postSolution
		{0453539B-7EF6-4F17-80DD-33D65C455334}.Debug|Any CPU.ActiveCfg = Debug|Any CPU
		{0453539B-7EF6-4F17-80DD-33D65C455334}.Debug|Any CPU.Build.0 = Debug|Any CPU
		{0453539B-7EF6-4F17-80DD-33D65C455334}.Release|Any CPU.ActiveCfg = Release|Any CPU
		{0453539B-7EF6-4F17-80DD-33D65C455334}.Release|Any CPU.Build.0 = Release|Any CPU
		{B939E0C9-6F69-4349-A089-83D3B0BA38B3}.Debug|Any CPU.ActiveCfg = Debug|Any CPU
		{B939E0C9-6F69-4349-A089-83D3B0BA38B3}.Debug|Any CPU.Build.0 = Debug|Any CPU
		{B939E0C9-6F69-4349-A089-83D3B0BA38B3}.Release|Any CPU.ActiveCfg = Release|Any CPU
		{B939E0C9-6F69-4349-A089-83D3B0BA38B3}.Release|Any CPU.Build.0 = Release|Any CPU
		{48110039-084C-40C6-A655-102A71F09696}.Debug|Any CPU.ActiveCfg = Debug|Any CPU
		{48110039-084C-40C6-A655-102A71F09696}.Debug|Any CPU.Build.0 = Debug|Any CPU
		{48110039-084C-40C6-A655-102A71F09696}.Release|Any CPU.ActiveCfg = Release|Any CPU
		{48110039-084C-40C6-A655-102A71F09696}.Release|Any CPU.Build.0 = Release|Any CPU
		{A594F569-35AB-419B-9081-22DCAAB79DB3}.Debug|Any CPU.ActiveCfg = Debug|Any CPU
		{A594F569-35AB-419B-9081-22DCAAB79DB3}.Debug|Any CPU.Build.0 = Debug|Any CPU
		{A594F569-35AB-419B-9081-22DCAAB79DB3}.Release|Any CPU.ActiveCfg = Release|Any CPU
		{A594F569-35AB-419B-9081-22DCAAB79DB3}.Release|Any CPU.Build.0 = Release|Any CPU
	EndGlobalSection
	GlobalSection(SolutionProperties) = preSolution
		HideSolutionNode = FALSE
	EndGlobalSection
	GlobalSection(ExtensibilityGlobals) = postSolution
		SolutionGuid = {3913E164-B8E3-41E0-82F4-DEC48FD7DF0F}
	EndGlobalSection
EndGlobal
