
Microsoft Visual Studio Solution File, Format Version 12.00
# Visual Studio Version 16
VisualStudioVersion = 16.0.32126.315
MinimumVisualStudioVersion = 10.0.40219.1
Project("{FAE04EC0-301F-11D3-BF4B-00C04F79EFBC}") = "Lab4b", "Lab4b\Lab4b.csproj", "{B79A8334-7D01-42AC-89B7-08F4076E0F56}"
EndProject
Global
	GlobalSection(SolutionConfigurationPlatforms) = preSolution
		Debug|Any CPU = Debug|Any CPU
		Release|Any CPU = Release|Any CPU
	EndGlobalSection
	GlobalSection(ProjectConfigurationPlatforms) = postSolution
		{B79A8334-7D01-42AC-89B7-08F4076E0F56}.Debug|Any CPU.ActiveCfg = Debug|Any CPU
		{B79A8334-7D01-42AC-89B7-08F4076E0F56}.Debug|Any CPU.Build.0 = Debug|Any CPU
		{B79A8334-7D01-42AC-89B7-08F4076E0F56}.Release|Any CPU.ActiveCfg = Release|Any CPU
		{B79A8334-7D01-42AC-89B7-08F4076E0F56}.Release|Any CPU.Build.0 = Release|Any CPU
	EndGlobalSection
	GlobalSection(SolutionProperties) = preSolution
		HideSolutionNode = FALSE
	EndGlobalSection
	GlobalSection(ExtensibilityGlobals) = postSolution
		SolutionGuid = {61549A9D-4A15-4B89-839C-6A47850E6297}
	EndGlobalSection
EndGlobal
